// !$*UTF8*$!
{
	archiveVersion = 1;
	classes = {
	};
	objectVersion = 46;
	objects = {

/* Begin PBXBuildFile section */
		0700529B1A01FB8D0055FB4F /* AppDelegate.swift in Sources */ = {isa = PBXBuildFile; fileRef = 0700529A1A01FB8D0055FB4F /* AppDelegate.swift */; };
		0700529D1A01FB8D0055FB4F /* ViewController.swift in Sources */ = {isa = PBXBuildFile; fileRef = 0700529C1A01FB8D0055FB4F /* ViewController.swift */; };
		070052A01A01FB8D0055FB4F /* Main.storyboard in Resources */ = {isa = PBXBuildFile; fileRef = 0700529E1A01FB8D0055FB4F /* Main.storyboard */; };
		070052A21A01FB8D0055FB4F /* Images.xcassets in Resources */ = {isa = PBXBuildFile; fileRef = 070052A11A01FB8D0055FB4F /* Images.xcassets */; };
		070052A51A01FB8D0055FB4F /* LaunchScreen.xib in Resources */ = {isa = PBXBuildFile; fileRef = 070052A31A01FB8D0055FB4F /* LaunchScreen.xib */; };
		070052B11A01FB8D0055FB4F /* ECS199Tests.swift in Sources */ = {isa = PBXBuildFile; fileRef = 070052B01A01FB8D0055FB4F /* ECS199Tests.swift */; };
/* End PBXBuildFile section */

/* Begin PBXContainerItemProxy section */
		070052AB1A01FB8D0055FB4F /* PBXContainerItemProxy */ = {
			isa = PBXContainerItemProxy;
			containerPortal = 0700528D1A01FB8C0055FB4F /* Project object */;
			proxyType = 1;
			remoteGlobalIDString = 070052941A01FB8C0055FB4F;
			remoteInfo = ECS199;
		};
/* End PBXContainerItemProxy section */

/* Begin PBXFileReference section */
		070052951A01FB8C0055FB4F /* ECS199.app */ = {isa = PBXFileReference; explicitFileType = wrapper.application; includeInIndex = 0; path = ECS199.app; sourceTree = BUILT_PRODUCTS_DIR; };
		070052991A01FB8D0055FB4F /* Info.plist */ = {isa = PBXFileReference; lastKnownFileType = text.plist.xml; path = Info.plist; sourceTree = "<group>"; };
		0700529A1A01FB8D0055FB4F /* AppDelegate.swift */ = {isa = PBXFileReference; lastKnownFileType = sourcecode.swift; path = AppDelegate.swift; sourceTree = "<group>"; };
		0700529C1A01FB8D0055FB4F /* ViewController.swift */ = {isa = PBXFileReference; lastKnownFileType = sourcecode.swift; path = ViewController.swift; sourceTree = "<group>"; };
		0700529F1A01FB8D0055FB4F /* Base */ = {isa = PBXFileReference; lastKnownFileType = file.storyboard; name = Base; path = Base.lproj/Main.storyboard; sourceTree = "<group>"; };
		070052A11A01FB8D0055FB4F /* Images.xcassets */ = {isa = PBXFileReference; lastKnownFileType = folder.assetcatalog; path = Images.xcassets; sourceTree = "<group>"; };
		070052A41A01FB8D0055FB4F /* Base */ = {isa = PBXFileReference; lastKnownFileType = file.xib; name = Base; path = Base.lproj/LaunchScreen.xib; sourceTree = "<group>"; };
		070052AA1A01FB8D0055FB4F /* ECS199Tests.xctest */ = {isa = PBXFileReference; explicitFileType = wrapper.cfbundle; includeInIndex = 0; path = ECS199Tests.xctest; sourceTree = BUILT_PRODUCTS_DIR; };
		070052AF1A01FB8D0055FB4F /* Info.plist */ = {isa = PBXFileReference; lastKnownFileType = text.plist.xml; path = Info.plist; sourceTree = "<group>"; };
		070052B01A01FB8D0055FB4F /* ECS199Tests.swift */ = {isa = PBXFileReference; lastKnownFileType = sourcecode.swift; path = ECS199Tests.swift; sourceTree = "<group>"; };
/* End PBXFileReference section */

/* Begin PBXFrameworksBuildPhase section */
		070052921A01FB8C0055FB4F /* Frameworks */ = {
			isa = PBXFrameworksBuildPhase;
			buildActionMask = 2147483647;
			files = (
			);
			runOnlyForDeploymentPostprocessing = 0;
		};
		070052A71A01FB8D0055FB4F /* Frameworks */ = {
			isa = PBXFrameworksBuildPhase;
			buildActionMask = 2147483647;
			files = (
			);
			runOnlyForDeploymentPostprocessing = 0;
		};
/* End PBXFrameworksBuildPhase section */

/* Begin PBXGroup section */
		0700528C1A01FB8C0055FB4F = {
			isa = PBXGroup;
			children = (
				070052971A01FB8C0055FB4F /* ECS199 */,
				070052AD1A01FB8D0055FB4F /* ECS199Tests */,
				070052961A01FB8C0055FB4F /* Products */,
			);
			sourceTree = "<group>";
		};
		070052961A01FB8C0055FB4F /* Products */ = {
			isa = PBXGroup;
			children = (
				070052951A01FB8C0055FB4F /* ECS199.app */,
				070052AA1A01FB8D0055FB4F /* ECS199Tests.xctest */,
			);
			name = Products;
			sourceTree = "<group>";
		};
		070052971A01FB8C0055FB4F /* ECS199 */ = {
			isa = PBXGroup;
			children = (
				0700529A1A01FB8D0055FB4F /* AppDelegate.swift */,
				0700529C1A01FB8D0055FB4F /* ViewController.swift */,
				0700529E1A01FB8D0055FB4F /* Main.storyboard */,
				070052A11A01FB8D0055FB4F /* Images.xcassets */,
				070052A31A01FB8D0055FB4F /* LaunchScreen.xib */,
				070052981A01FB8C0055FB4F /* Supporting Files */,
			);
			path = ECS199;
			sourceTree = "<group>";
		};
		070052981A01FB8C0055FB4F /* Supporting Files */ = {
			isa = PBXGroup;
			children = (
				070052991A01FB8D0055FB4F /* Info.plist */,
			);
			name = "Supporting Files";
			sourceTree = "<group>";
		};
		070052AD1A01FB8D0055FB4F /* ECS199Tests */ = {
			isa = PBXGroup;
			children = (
				070052B01A01FB8D0055FB4F /* ECS199Tests.swift */,
				070052AE1A01FB8D0055FB4F /* Supporting Files */,
			);
			path = ECS199Tests;
			sourceTree = "<group>";
		};
		070052AE1A01FB8D0055FB4F /* Supporting Files */ = {
			isa = PBXGroup;
			children = (
				070052AF1A01FB8D0055FB4F /* Info.plist */,
			);
			name = "Supporting Files";
			sourceTree = "<group>";
		};
/* End PBXGroup section */

/* Begin PBXNativeTarget section */
		070052941A01FB8C0055FB4F /* ECS199 */ = {
			isa = PBXNativeTarget;
			buildConfigurationList = 070052B41A01FB8D0055FB4F /* Build configuration list for PBXNativeTarget "ECS199" */;
			buildPhases = (
				070052911A01FB8C0055FB4F /* Sources */,
				070052921A01FB8C0055FB4F /* Frameworks */,
				070052931A01FB8C0055FB4F /* Resources */,
			);
			buildRules = (
			);
			dependencies = (
			);
			name = ECS199;
			productName = ECS199;
			productReference = 070052951A01FB8C0055FB4F /* ECS199.app */;
			productType = "com.apple.product-type.application";
		};
		070052A91A01FB8D0055FB4F /* ECS199Tests */ = {
			isa = PBXNativeTarget;
			buildConfigurationList = 070052B71A01FB8D0055FB4F /* Build configuration list for PBXNativeTarget "ECS199Tests" */;
			buildPhases = (
				070052A61A01FB8D0055FB4F /* Sources */,
				070052A71A01FB8D0055FB4F /* Frameworks */,
				070052A81A01FB8D0055FB4F /* Resources */,
			);
			buildRules = (
			);
			dependencies = (
				070052AC1A01FB8D0055FB4F /* PBXTargetDependency */,
			);
			name = ECS199Tests;
			productName = ECS199Tests;
			productReference = 070052AA1A01FB8D0055FB4F /* ECS199Tests.xctest */;
			productType = "com.apple.product-type.bundle.unit-test";
		};
/* End PBXNativeTarget section */

/* Begin PBXProject section */
		0700528D1A01FB8C0055FB4F /* Project object */ = {
			isa = PBXProject;
			attributes = {
				LastUpgradeCheck = 0610;
				ORGANIZATIONNAME = ecs199;
				TargetAttributes = {
					070052941A01FB8C0055FB4F = {
						CreatedOnToolsVersion = 6.1;
					};
					070052A91A01FB8D0055FB4F = {
						CreatedOnToolsVersion = 6.1;
						TestTargetID = 070052941A01FB8C0055FB4F;
					};
				};
			};
			buildConfigurationList = 070052901A01FB8C0055FB4F /* Build configuration list for PBXProject "ECS199" */;
			compatibilityVersion = "Xcode 3.2";
			developmentRegion = English;
			hasScannedForEncodings = 0;
			knownRegions = (
				en,
				Base,
			);
			mainGroup = 0700528C1A01FB8C0055FB4F;
			productRefGroup = 070052961A01FB8C0055FB4F /* Products */;
			projectDirPath = "";
			projectRoot = "";
			targets = (
				070052941A01FB8C0055FB4F /* ECS199 */,
				070052A91A01FB8D0055FB4F /* ECS199Tests */,
			);
		};
/* End PBXProject section */

/* Begin PBXResourcesBuildPhase section */
		070052931A01FB8C0055FB4F /* Resources */ = {
			isa = PBXResourcesBuildPhase;
			buildActionMask = 2147483647;
			files = (
				070052A01A01FB8D0055FB4F /* Main.storyboard in Resources */,
				070052A51A01FB8D0055FB4F /* LaunchScreen.xib in Resources */,
				070052A21A01FB8D0055FB4F /* Images.xcassets in Resources */,
			);
			runOnlyForDeploymentPostprocessing = 0;
		};
		070052A81A01FB8D0055FB4F /* Resources */ = {
			isa = PBXResourcesBuildPhase;
			buildActionMask = 2147483647;
			files = (
			);
			runOnlyForDeploymentPostprocessing = 0;
		};
/* End PBXResourcesBuildPhase section */

/* Begin PBXSourcesBuildPhase section */
		070052911A01FB8C0055FB4F /* Sources */ = {
			isa = PBXSourcesBuildPhase;
			buildActionMask = 2147483647;
			files = (
				0700529D1A01FB8D0055FB4F /* ViewController.swift in Sources */,
				0700529B1A01FB8D0055FB4F /* AppDelegate.swift in Sources */,
			);
			runOnlyForDeploymentPostprocessing = 0;
		};
		070052A61A01FB8D0055FB4F /* Sources */ = {
			isa = PBXSourcesBuildPhase;
			buildActionMask = 2147483647;
			files = (
				070052B11A01FB8D0055FB4F /* ECS199Tests.swift in Sources */,
			);
			runOnlyForDeploymentPostprocessing = 0;
		};
/* End PBXSourcesBuildPhase section */

/* Begin PBXTargetDependency section */
		070052AC1A01FB8D0055FB4F /* PBXTargetDependency */ = {
			isa = PBXTargetDependency;
			target = 070052941A01FB8C0055FB4F /* ECS199 */;
			targetProxy = 070052AB1A01FB8D0055FB4F /* PBXContainerItemProxy */;
		};
/* End PBXTargetDependency section */

/* Begin PBXVariantGroup section */
		0700529E1A01FB8D0055FB4F /* Main.storyboard */ = {
			isa = PBXVariantGroup;
			children = (
				0700529F1A01FB8D0055FB4F /* Base */,
			);
			name = Main.storyboard;
			sourceTree = "<group>";
		};
		070052A31A01FB8D0055FB4F /* LaunchScreen.xib */ = {
			isa = PBXVariantGroup;
			children = (
				070052A41A01FB8D0055FB4F /* Base */,
			);
			name = LaunchScreen.xib;
			sourceTree = "<group>";
		};
/* End PBXVariantGroup section */

/* Begin XCBuildConfiguration section */
		070052B21A01FB8D0055FB4F /* Debug */ = {
			isa = XCBuildConfiguration;
			buildSettings = {
				ALWAYS_SEARCH_USER_PATHS = NO;
				CLANG_CXX_LANGUAGE_STANDARD = "gnu++0x";
				CLANG_CXX_LIBRARY = "libc++";
				CLANG_ENABLE_MODULES = YES;
				CLANG_ENABLE_OBJC_ARC = YES;
				CLANG_WARN_BOOL_CONVERSION = YES;
				CLANG_WARN_CONSTANT_CONVERSION = YES;
				CLANG_WARN_DIRECT_OBJC_ISA_USAGE = YES_ERROR;
				CLANG_WARN_EMPTY_BODY = YES;
				CLANG_WARN_ENUM_CONVERSION = YES;
				CLANG_WARN_INT_CONVERSION = YES;
				CLANG_WARN_OBJC_ROOT_CLASS = YES_ERROR;
				CLANG_WARN_UNREACHABLE_CODE = YES;
				CLANG_WARN__DUPLICATE_METHOD_MATCH = YES;
				"CODE_SIGN_IDENTITY[sdk=iphoneos*]" = "iPhone Developer";
				COPY_PHASE_STRIP = NO;
				ENABLE_STRICT_OBJC_MSGSEND = YES;
				GCC_C_LANGUAGE_STANDARD = gnu99;
				GCC_DYNAMIC_NO_PIC = NO;
				GCC_OPTIMIZATION_LEVEL = 0;
				GCC_PREPROCESSOR_DEFINITIONS = (
					"DEBUG=1",
					"$(inherited)",
				);
				GCC_SYMBOLS_PRIVATE_EXTERN = NO;
				GCC_WARN_64_TO_32_BIT_CONVERSION = YES;
				GCC_WARN_ABOUT_RETURN_TYPE = YES_ERROR;
				GCC_WARN_UNDECLARED_SELECTOR = YES;
				GCC_WARN_UNINITIALIZED_AUTOS = YES_AGGRESSIVE;
				GCC_WARN_UNUSED_FUNCTION = YES;
				GCC_WARN_UNUSED_VARIABLE = YES;
				IPHONEOS_DEPLOYMENT_TARGET = 8.1;
				MTL_ENABLE_DEBUG_INFO = YES;
				ONLY_ACTIVE_ARCH = YES;
				SDKROOT = iphoneos;
				SWIFT_OPTIMIZATION_LEVEL = "-Onone";
			};
			name = Debug;
		};
		070052B31A01FB8D0055FB4F /* Release */ = {
			isa = XCBuildConfiguration;
			buildSettings = {
				ALWAYS_SEARCH_USER_PATHS = NO;
				CLANG_CXX_LANGUAGE_STANDARD = "gnu++0x";
				CLANG_CXX_LIBRARY = "libc++";
				CLANG_ENABLE_MODULES = YES;
				CLANG_ENABLE_OBJC_ARC = YES;
				CLANG_WARN_BOOL_CONVERSION = YES;
				CLANG_WARN_CONSTANT_CONVERSION = YES;
				CLANG_WARN_DIRECT_OBJC_ISA_USAGE = YES_ERROR;
				CLANG_WARN_EMPTY_BODY = YES;
				CLANG_WARN_ENUM_CONVERSION = YES;
				CLANG_WARN_INT_CONVERSION = YES;
				CLANG_WARN_OBJC_ROOT_CLASS = YES_ERROR;
				CLANG_WARN_UNREACHABLE_CODE = YES;
				CLANG_WARN__DUPLICATE_METHOD_MATCH = YES;
				"CODE_SIGN_IDENTITY[sdk=iphoneos*]" = "iPhone Developer";
				COPY_PHASE_STRIP = YES;
				ENABLE_NS_ASSERTIONS = NO;
				ENABLE_STRICT_OBJC_MSGSEND = YES;
				GCC_C_LANGUAGE_STANDARD = gnu99;
				GCC_WARN_64_TO_32_BIT_CONVERSION = YES;
				GCC_WARN_ABOUT_RETURN_TYPE = YES_ERROR;
				GCC_WARN_UNDECLARED_SELECTOR = YES;
				GCC_WARN_UNINITIALIZED_AUTOS = YES_AGGRESSIVE;
				GCC_WARN_UNUSED_FUNCTION = YES;
				GCC_WARN_UNUSED_VARIABLE = YES;
				IPHONEOS_DEPLOYMENT_TARGET = 8.1;
				MTL_ENABLE_DEBUG_INFO = NO;
				SDKROOT = iphoneos;
				VALIDATE_PRODUCT = YES;
			};
			name = Release;
		};
		070052B51A01FB8D0055FB4F /* Debug */ = {
			isa = XCBuildConfiguration;
			buildSettings = {
				ASSETCATALOG_COMPILER_APPICON_NAME = AppIcon;
				CODE_SIGN_IDENTITY = "iPhone Developer";
				INFOPLIST_FILE = ECS199/Info.plist;
				LD_RUNPATH_SEARCH_PATHS = "$(inherited) @executable_path/Frameworks";
				PRODUCT_NAME = "$(TARGET_NAME)";
			};
			name = Debug;
		};
		070052B61A01FB8D0055FB4F /* Release */ = {
			isa = XCBuildConfiguration;
			buildSettings = {
				ASSETCATALOG_COMPILER_APPICON_NAME = AppIcon;
				CODE_SIGN_IDENTITY = "iPhone Developer";
				INFOPLIST_FILE = ECS199/Info.plist;
				LD_RUNPATH_SEARCH_PATHS = "$(inherited) @executable_path/Frameworks";
				PRODUCT_NAME = "$(TARGET_NAME)";
			};
			name = Release;
		};
		070052B81A01FB8D0055FB4F /* Debug */ = {
			isa = XCBuildConfiguration;
			buildSettings = {
				BUNDLE_LOADER = "$(TEST_HOST)";
				FRAMEWORK_SEARCH_PATHS = (
					"$(SDKROOT)/Developer/Library/Frameworks",
					"$(inherited)",
				);
				GCC_PREPROCESSOR_DEFINITIONS = (
					"DEBUG=1",
					"$(inherited)",
				);
				INFOPLIST_FILE = ECS199Tests/Info.plist;
				LD_RUNPATH_SEARCH_PATHS = "$(inherited) @executable_path/Frameworks @loader_path/Frameworks";
				PRODUCT_NAME = "$(TARGET_NAME)";
				TEST_HOST = "$(BUILT_PRODUCTS_DIR)/ECS199.app/ECS199";
			};
			name = Debug;
		};
		070052B91A01FB8D0055FB4F /* Release */ = {
			isa = XCBuildConfiguration;
			buildSettings = {
				BUNDLE_LOADER = "$(TEST_HOST)";
				FRAMEWORK_SEARCH_PATHS = (
					"$(SDKROOT)/Developer/Library/Frameworks",
					"$(inherited)",
				);
				INFOPLIST_FILE = ECS199Tests/Info.plist;
				LD_RUNPATH_SEARCH_PATHS = "$(inherited) @executable_path/Frameworks @loader_path/Frameworks";
				PRODUCT_NAME = "$(TARGET_NAME)";
				TEST_HOST = "$(BUILT_PRODUCTS_DIR)/ECS199.app/ECS199";
			};
			name = Release;
		};
/* End XCBuildConfiguration section */

/* Begin XCConfigurationList section */
		070052901A01FB8C0055FB4F /* Build configuration list for PBXProject "ECS199" */ = {
			isa = XCConfigurationList;
			buildConfigurations = (
				070052B21A01FB8D0055FB4F /* Debug */,
				070052B31A01FB8D0055FB4F /* Release */,
			);
			defaultConfigurationIsVisible = 0;
			defaultConfigurationName = Release;
		};
		070052B41A01FB8D0055FB4F /* Build configuration list for PBXNativeTarget "ECS199" */ = {
			isa = XCConfigurationList;
			buildConfigurations = (
				070052B51A01FB8D0055FB4F /* Debug */,
				070052B61A01FB8D0055FB4F /* Release */,
			);
			defaultConfigurationIsVisible = 0;
		};
		070052B71A01FB8D0055FB4F /* Build configuration list for PBXNativeTarget "ECS199Tests" */ = {
			isa = XCConfigurationList;
			buildConfigurations = (
				070052B81A01FB8D0055FB4F /* Debug */,
				070052B91A01FB8D0055FB4F /* Release */,
			);
			defaultConfigurationIsVisible = 0;
		};
/* End XCConfigurationList section */
	};
	rootObject = 0700528D1A01FB8C0055FB4F /* Project object */;
}
